# THIS IS AN AUTOGENERATED FILE. DO NOT EDIT THIS FILE DIRECTLY.
# yarn lockfile v1


"@babel/code-frame@^7.0.0":
  version "7.16.0"
  resolved "https://registry.npmmirror.com/@babel/code-frame/download/@babel/code-frame-7.16.0.tgz?cache=0&sync_timestamp=1635560663383&other_urls=https%3A%2F%2Fregistry.npmmirror.com%2F%40babel%2Fcode-frame%2Fdownload%2F%40babel%2Fcode-frame-7.16.0.tgz#0dfc80309beec8411e65e706461c408b0bb9b431"
  integrity sha1-DfyAMJvuyEEeZecGRhxAiwu5tDE=
  dependencies:
    "@babel/highlight" "^7.16.0"

"@babel/helper-validator-identifier@^7.15.7":
  version "7.15.7"
  resolved "https://registry.nlark.com/@babel/helper-validator-identifier/download/@babel/helper-validator-identifier-7.15.7.tgz?cache=0&sync_timestamp=1631920110587&other_urls=https%3A%2F%2Fregistry.nlark.com%2F%40babel%2Fhelper-validator-identifier%2Fdownload%2F%40babel%2Fhelper-validator-identifier-7.15.7.tgz#220df993bfe904a4a6b02ab4f3385a5ebf6e2389"
  integrity sha1-Ig35k7/pBKSmsCq08zhaXr9uI4k=

"@babel/highlight@^7.16.0":
  version "7.16.0"
  resolved "https://registry.npmmirror.com/@babel/highlight/download/@babel/highlight-7.16.0.tgz?cache=0&sync_timestamp=1635560940881&other_urls=https%3A%2F%2Fregistry.npmmirror.com%2F%40babel%2Fhighlight%2Fdownload%2F%40babel%2Fhighlight-7.16.0.tgz#6ceb32b2ca4b8f5f361fb7fd821e3fddf4a1725a"
  integrity sha1-bOsysspLj182H7f9gh4/3fShclo=
  dependencies:
    "@babel/helper-validator-identifier" "^7.15.7"
    chalk "^2.0.0"
    js-tokens "^4.0.0"

"@octokit/endpoint@^6.0.1":
  version "6.0.12"
  resolved "https://registry.nlark.com/@octokit/endpoint/download/@octokit/endpoint-6.0.12.tgz#3b4d47a4b0e79b1027fb8d75d4221928b2d05658"
  integrity sha1-O01HpLDnmxAn+4111CIZKLLQVlg=
  dependencies:
    "@octokit/types" "^6.0.3"
    is-plain-object "^5.0.0"
    universal-user-agent "^6.0.0"

"@octokit/openapi-types@^11.2.0":
  version "11.2.0"
  resolved "https://registry.npmmirror.com/@octokit/openapi-types/download/@octokit/openapi-types-11.2.0.tgz?cache=0&sync_timestamp=1633913172074&other_urls=https%3A%2F%2Fregistry.npmmirror.com%2F%40octokit%2Fopenapi-types%2Fdownload%2F%40octokit%2Fopenapi-types-11.2.0.tgz#b38d7fc3736d52a1e96b230c1ccd4a58a2f400a6"
  integrity sha1-s41/w3NtUqHpayMMHM1KWKL0AKY=

"@octokit/request-error@^1.0.2":
  version "1.2.1"
  resolved "https://registry.nlark.com/@octokit/request-error/download/@octokit/request-error-1.2.1.tgz?cache=0&sync_timestamp=1623456965882&other_urls=https%3A%2F%2Fregistry.nlark.com%2F%40octokit%2Frequest-error%2Fdownload%2F%40octokit%2Frequest-error-1.2.1.tgz#ede0714c773f32347576c25649dc013ae6b31801"
  integrity sha1-7eBxTHc/MjR1dsJWSdwBOuazGAE=
  dependencies:
    "@octokit/types" "^2.0.0"
    deprecation "^2.0.0"
    once "^1.4.0"

"@octokit/request-error@^2.1.0":
  version "2.1.0"
  resolved "https://registry.nlark.com/@octokit/request-error/download/@octokit/request-error-2.1.0.tgz?cache=0&sync_timestamp=1623456965882&other_urls=https%3A%2F%2Fregistry.nlark.com%2F%40octokit%2Frequest-error%2Fdownload%2F%40octokit%2Frequest-error-2.1.0.tgz#9e150357831bfc788d13a4fd4b1913d60c74d677"
  integrity sha1-nhUDV4Mb/HiNE6T9SxkT1gx01nc=
  dependencies:
    "@octokit/types" "^6.0.3"
    deprecation "^2.0.0"
    once "^1.4.0"

"@octokit/request@^5.2.0":
  version "5.6.2"
  resolved "https://registry.npmmirror.com/@octokit/request/download/@octokit/request-5.6.2.tgz#1aa74d5da7b9e04ac60ef232edd9a7438dcf32d8"
  integrity sha1-GqdNXae54ErGDvIy7dmnQ43PMtg=
  dependencies:
    "@octokit/endpoint" "^6.0.1"
    "@octokit/request-error" "^2.1.0"
    "@octokit/types" "^6.16.1"
    is-plain-object "^5.0.0"
    node-fetch "^2.6.1"
    universal-user-agent "^6.0.0"

"@octokit/rest@16.36.0":
  version "16.36.0"
  resolved "https://registry.npmmirror.com/@octokit/rest/download/@octokit/rest-16.36.0.tgz?cache=0&sync_timestamp=1633636260549&other_urls=https%3A%2F%2Fregistry.npmmirror.com%2F%40octokit%2Frest%2Fdownload%2F%40octokit%2Frest-16.36.0.tgz#99892c57ba632c2a7b21845584004387b56c2cb7"
  integrity sha1-mYksV7pjLCp7IYRVhABDh7VsLLc=
  dependencies:
    "@octokit/request" "^5.2.0"
    "@octokit/request-error" "^1.0.2"
    atob-lite "^2.0.0"
    before-after-hook "^2.0.0"
    btoa-lite "^1.0.0"
    deprecation "^2.0.0"
    lodash.get "^4.4.2"
    lodash.set "^4.3.2"
    lodash.uniq "^4.5.0"
    octokit-pagination-methods "^1.1.0"
    once "^1.4.0"
    universal-user-agent "^4.0.0"

"@octokit/types@^2.0.0":
  version "2.16.2"
  resolved "https://registry.npmmirror.com/@octokit/types/download/@octokit/types-2.16.2.tgz?cache=0&sync_timestamp=1633913157946&other_urls=https%3A%2F%2Fregistry.npmmirror.com%2F%40octokit%2Ftypes%2Fdownload%2F%40octokit%2Ftypes-2.16.2.tgz#4c5f8da3c6fecf3da1811aef678fda03edac35d2"
  integrity sha1-TF+No8b+zz2hgRrvZ4/aA+2sNdI=
  dependencies:
    "@types/node" ">= 8"

"@octokit/types@^6.0.3", "@octokit/types@^6.16.1":
  version "6.34.0"
  resolved "https://registry.npmmirror.com/@octokit/types/download/@octokit/types-6.34.0.tgz?cache=0&sync_timestamp=1633913157946&other_urls=https%3A%2F%2Fregistry.npmmirror.com%2F%40octokit%2Ftypes%2Fdownload%2F%40octokit%2Ftypes-6.34.0.tgz#c6021333334d1ecfb5d370a8798162ddf1ae8218"
  integrity sha1-xgITMzNNHs+103CoeYFi3fGughg=
  dependencies:
    "@octokit/openapi-types" "^11.2.0"

"@types/minimatch@^3.0.3":
  version "3.0.5"
  resolved "https://registry.npmmirror.com/@types/minimatch/download/@types/minimatch-3.0.5.tgz#1001cc5e6a3704b83c236027e77f2f58ea010f40"
  integrity sha1-EAHMXmo3BLg8I2An538vWOoBD0A=

"@types/node@>= 8":
  version "16.11.11"
  resolved "https://registry.npmmirror.com/@types/node/download/@types/node-16.11.11.tgz#6ea7342dfb379ea1210835bada87b3c512120234"
  integrity sha512-KB0sixD67CeecHC33MYn+eYARkqTheIRNuu97y2XMjR7Wu3XibO1vaY6VBV6O/a89SPI81cEUIYT87UqUWlZNw==

"@types/normalize-package-data@^2.4.0":
  version "2.4.1"
  resolved "https://registry.npmmirror.com/@types/normalize-package-data/download/@types/normalize-package-data-2.4.1.tgz?cache=0&sync_timestamp=1637268858625&other_urls=https%3A%2F%2Fregistry.npmmirror.com%2F%40types%2Fnormalize-package-data%2Fdownload%2F%40types%2Fnormalize-package-data-2.4.1.tgz#d3357479a0fdfdd5907fe67e17e0a85c906e1301"
  integrity sha1-0zV0eaD9/dWQf+Z+F+CoXJBuEwE=

"@zeit/ncc@0.20.5":
  version "0.20.5"
  resolved "https://registry.npmmirror.com/@zeit/ncc/download/@zeit/ncc-0.20.5.tgz#a41af6e6bcab4a58f4612bae6137f70bce0192e3"
  integrity sha1-pBr25ryrSlj0YSuuYTf3C84BkuM=

ansi-styles@^3.2.1:
  version "3.2.1"
  resolved "https://registry.nlark.com/ansi-styles/download/ansi-styles-3.2.1.tgz#41fbb20243e50b12be0f04b8dedbf07520ce841d"
  integrity sha1-QfuyAkPlCxK+DwS43tvwdSDOhB0=
  dependencies:
    color-convert "^1.9.0"

argparse@^1.0.7:
  version "1.0.10"
  resolved "https://registry.nlark.com/argparse/download/argparse-1.0.10.tgz#bcd6791ea5ae09725e17e5ad988134cd40b3d911"
  integrity sha1-vNZ5HqWuCXJeF+WtmIE0zUCz2RE=
  dependencies:
    sprintf-js "~1.0.2"

array-differ@^3.0.0:
  version "3.0.0"
  resolved "https://registry.nlark.com/array-differ/download/array-differ-3.0.0.tgz#3cbb3d0f316810eafcc47624734237d6aee4ae6b"
  integrity sha1-PLs9DzFoEOr8xHYkc0I31q7krms=

array-union@^2.1.0:
  version "2.1.0"
  resolved "https://registry.npm.taobao.org/array-union/download/array-union-2.1.0.tgz#b798420adbeb1de828d84acd8a2e23d3efe85e8d"
  integrity sha1-t5hCCtvrHego2ErNii4j0+/oXo0=

arrify@^2.0.1:
  version "2.0.1"
  resolved "https://registry.nlark.com/arrify/download/arrify-2.0.1.tgz?cache=0&sync_timestamp=1619599497996&other_urls=https%3A%2F%2Fregistry.nlark.com%2Farrify%2Fdownload%2Farrify-2.0.1.tgz#c9655e9331e0abcd588d2a7cad7e9956f66701fa"
  integrity sha1-yWVekzHgq81YjSp8rX6ZVvZnAfo=

atob-lite@^2.0.0:
  version "2.0.0"
  resolved "https://registry.npm.taobao.org/atob-lite/download/atob-lite-2.0.0.tgz#0fef5ad46f1bd7a8502c65727f0367d5ee43d696"
  integrity sha1-D+9a1G8b16hQLGVyfwNn1e5D1pY=

axios@0.19.0:
  version "0.19.0"
  resolved "https://registry.npmmirror.com/axios/download/axios-0.19.0.tgz?cache=0&sync_timestamp=1635213960429&other_urls=https%3A%2F%2Fregistry.npmmirror.com%2Faxios%2Fdownload%2Faxios-0.19.0.tgz#8e09bff3d9122e133f7b8101c8fbdd00ed3d2ab8"
  integrity sha1-jgm/89kSLhM/e4EByPvdAO09Krg=
  dependencies:
    follow-redirects "1.5.10"
    is-buffer "^2.0.2"

balanced-match@^1.0.0:
  version "1.0.2"
  resolved "https://registry.npm.taobao.org/balanced-match/download/balanced-match-1.0.2.tgz#e83e3a7e3f300b34cb9d87f615fa0cbf357690ee"
  integrity sha1-6D46fj8wCzTLnYf2FfoMvzV2kO4=

before-after-hook@^2.0.0:
  version "2.2.2"
  resolved "https://registry.nlark.com/before-after-hook/download/before-after-hook-2.2.2.tgz?cache=0&sync_timestamp=1622845512291&other_urls=https%3A%2F%2Fregistry.nlark.com%2Fbefore-after-hook%2Fdownload%2Fbefore-after-hook-2.2.2.tgz#a6e8ca41028d90ee2c24222f201c90956091613e"
  integrity sha1-pujKQQKNkO4sJCIvIByQlWCRYT4=

brace-expansion@^1.1.7:
  version "1.1.11"
  resolved "https://registry.nlark.com/brace-expansion/download/brace-expansion-1.1.11.tgz#3c7fcbf529d87226f3d2f52b966ff5271eb441dd"
  integrity sha1-PH/L9SnYcibz0vUrlm/1Jx60Qd0=
  dependencies:
    balanced-match "^1.0.0"
    concat-map "0.0.1"

btoa-lite@^1.0.0:
  version "1.0.0"
  resolved "https://registry.npm.taobao.org/btoa-lite/download/btoa-lite-1.0.0.tgz#337766da15801210fdd956c22e9c6891ab9d0337"
  integrity sha1-M3dm2hWAEhD92VbCLpxokaudAzc=

caller-callsite@^2.0.0:
  version "2.0.0"
  resolved "https://registry.npmmirror.com/caller-callsite/download/caller-callsite-2.0.0.tgz?cache=0&sync_timestamp=1633617041481&other_urls=https%3A%2F%2Fregistry.npmmirror.com%2Fcaller-callsite%2Fdownload%2Fcaller-callsite-2.0.0.tgz#847e0fce0a223750a9a027c54b33731ad3154134"
  integrity sha1-hH4PzgoiN1CpoCfFSzNzGtMVQTQ=
  dependencies:
    callsites "^2.0.0"

caller-path@^2.0.0:
  version "2.0.0"
  resolved "https://registry.npmmirror.com/caller-path/download/caller-path-2.0.0.tgz?cache=0&sync_timestamp=1633674209796&other_urls=https%3A%2F%2Fregistry.npmmirror.com%2Fcaller-path%2Fdownload%2Fcaller-path-2.0.0.tgz#468f83044e369ab2010fac5f06ceee15bb2cb1f4"
  integrity sha1-Ro+DBE42mrIBD6xfBs7uFbsssfQ=
  dependencies:
    caller-callsite "^2.0.0"

callsites@^2.0.0:
  version "2.0.0"
  resolved "https://registry.nlark.com/callsites/download/callsites-2.0.0.tgz?cache=0&sync_timestamp=1628464722297&other_urls=https%3A%2F%2Fregistry.nlark.com%2Fcallsites%2Fdownload%2Fcallsites-2.0.0.tgz#06eb84f00eea413da86affefacbffb36093b3c50"
  integrity sha1-BuuE8A7qQT2oav/vrL/7Ngk7PFA=

chalk@^2.0.0, chalk@^2.4.2:
  version "2.4.2"
  resolved "https://registry.npmmirror.com/chalk/download/chalk-2.4.2.tgz#cd42541677a54333cf541a49108c1432b44c9424"
  integrity sha1-zUJUFnelQzPPVBpJEIwUMrRMlCQ=
  dependencies:
    ansi-styles "^3.2.1"
    escape-string-regexp "^1.0.5"
    supports-color "^5.3.0"

ci-info@^2.0.0:
  version "2.0.0"
  resolved "https://registry.npmmirror.com/ci-info/download/ci-info-2.0.0.tgz#67a9e964be31a51e15e5010d58e6f12834002f46"
  integrity sha1-Z6npZL4xpR4V5QENWObxKDQAL0Y=

color-convert@^1.9.0:
  version "1.9.3"
  resolved "https://registry.npm.taobao.org/color-convert/download/color-convert-1.9.3.tgz#bb71850690e1f136567de629d2d5471deda4c1e8"
  integrity sha1-u3GFBpDh8TZWfeYp0tVHHe2kweg=
  dependencies:
    color-name "1.1.3"

color-name@1.1.3:
  version "1.1.3"
  resolved "https://registry.npm.taobao.org/color-name/download/color-name-1.1.3.tgz#a7d0558bd89c42f795dd42328f740831ca53bc25"
  integrity sha1-p9BVi9icQveV3UIyj3QIMcpTvCU=

concat-map@0.0.1:
  version "0.0.1"
  resolved "https://registry.nlark.com/concat-map/download/concat-map-0.0.1.tgz#d8a96bd77fd68df7793a73036a3ba0d5405d477b"
  integrity sha1-2Klr13/Wjfd5OnMDajug1UBdR3s=

cosmiconfig@^5.2.1:
  version "5.2.1"
  resolved "https://registry.nlark.com/cosmiconfig/download/cosmiconfig-5.2.1.tgz?cache=0&sync_timestamp=1629585969900&other_urls=https%3A%2F%2Fregistry.nlark.com%2Fcosmiconfig%2Fdownload%2Fcosmiconfig-5.2.1.tgz#040f726809c591e77a17c0a3626ca45b4f168b1a"
  integrity sha1-BA9yaAnFked6F8CjYmykW08Wixo=
  dependencies:
    import-fresh "^2.0.0"
    is-directory "^0.3.1"
    js-yaml "^3.13.1"
    parse-json "^4.0.0"

cross-spawn@^6.0.0:
  version "6.0.5"
  resolved "https://registry.nlark.com/cross-spawn/download/cross-spawn-6.0.5.tgz#4a5ec7c64dfae22c3a14124dbacdee846d80cbc4"
  integrity sha1-Sl7Hxk364iw6FBJNus3uhG2Ay8Q=
  dependencies:
    nice-try "^1.0.4"
    path-key "^2.0.1"
    semver "^5.5.0"
    shebang-command "^1.2.0"
    which "^1.2.9"

cross-spawn@^7.0.0:
  version "7.0.3"
  resolved "https://registry.nlark.com/cross-spawn/download/cross-spawn-7.0.3.tgz#f73a85b9d5d41d045551c177e2882d4ac85728a6"
  integrity sha1-9zqFudXUHQRVUcF34ogtSshXKKY=
  dependencies:
    path-key "^3.1.0"
    shebang-command "^2.0.0"
    which "^2.0.1"

debug@=3.1.0:
  version "3.1.0"
  resolved "https://registry.npmmirror.com/debug/download/debug-3.1.0.tgz#5bb5a0672628b64149566ba16819e61518c67261"
  integrity sha1-W7WgZyYotkFJVmuhaBnmFRjGcmE=
  dependencies:
    ms "2.0.0"

deprecation@^2.0.0:
  version "2.3.1"
  resolved "https://registry.npm.taobao.org/deprecation/download/deprecation-2.3.1.tgz#6368cbdb40abf3373b525ac87e4a260c3a700919"
  integrity sha1-Y2jL20Cr8zc7UlrIfkomDDpwCRk=

dotenv@8.2.0:
  version "8.2.0"
  resolved "https://registry.nlark.com/dotenv/download/dotenv-8.2.0.tgz#97e619259ada750eea3e4ea3e26bceea5424b16a"
  integrity sha1-l+YZJZradQ7qPk6j4mvO6lQksWo=

end-of-stream@^1.1.0:
  version "1.4.4"
  resolved "https://registry.nlark.com/end-of-stream/download/end-of-stream-1.4.4.tgz#5ae64a5f45057baf3626ec14da0ca5e4b2431eb0"
  integrity sha1-WuZKX0UFe682JuwU2gyl5LJDHrA=
  dependencies:
    once "^1.4.0"

error-ex@^1.3.1:
  version "1.3.2"
  resolved "https://registry.nlark.com/error-ex/download/error-ex-1.3.2.tgz#b4ac40648107fdcdcfae242f428bea8a14d4f1bf"
  integrity sha1-tKxAZIEH/c3PriQvQovqihTU8b8=
  dependencies:
    is-arrayish "^0.2.1"

escape-string-regexp@^1.0.5:
  version "1.0.5"
  resolved "https://registry.nlark.com/escape-string-regexp/download/escape-string-regexp-1.0.5.tgz#1b61c0562190a8dff6ae3bb2cf0200ca130b86d4"
  integrity sha1-G2HAViGQqN/2rjuyzwIAyhMLhtQ=

esprima@^4.0.0:
  version "4.0.1"
  resolved "https://registry.npm.taobao.org/esprima/download/esprima-4.0.1.tgz#13b04cdb3e6c5d19df91ab6987a8695619b0aa71"
  integrity sha1-E7BM2z5sXRnfkatph6hpVhmwqnE=

execa@^1.0.0:
  version "1.0.0"
  resolved "https://registry.npmmirror.com/execa/download/execa-1.0.0.tgz?cache=0&sync_timestamp=1637147262608&other_urls=https%3A%2F%2Fregistry.npmmirror.com%2Fexeca%2Fdownload%2Fexeca-1.0.0.tgz#c6236a5bb4df6d6f15e88e7f017798216749ddd8"
  integrity sha1-xiNqW7TfbW8V6I5/AXeYIWdJ3dg=
  dependencies:
    cross-spawn "^6.0.0"
    get-stream "^4.0.0"
    is-stream "^1.1.0"
    npm-run-path "^2.0.0"
    p-finally "^1.0.0"
    signal-exit "^3.0.0"
    strip-eof "^1.0.0"

execa@^2.1.0:
  version "2.1.0"
  resolved "https://registry.npmmirror.com/execa/download/execa-2.1.0.tgz?cache=0&sync_timestamp=1637147262608&other_urls=https%3A%2F%2Fregistry.npmmirror.com%2Fexeca%2Fdownload%2Fexeca-2.1.0.tgz#e5d3ecd837d2a60ec50f3da78fd39767747bbe99"
  integrity sha1-5dPs2DfSpg7FDz2nj9OXZ3R7vpk=
  dependencies:
    cross-spawn "^7.0.0"
    get-stream "^5.0.0"
    is-stream "^2.0.0"
    merge-stream "^2.0.0"
    npm-run-path "^3.0.0"
    onetime "^5.1.0"
    p-finally "^2.0.0"
    signal-exit "^3.0.2"
    strip-final-newline "^2.0.0"

find-up@^4.0.0, find-up@^4.1.0:
  version "4.1.0"
  resolved "https://registry.npmmirror.com/find-up/download/find-up-4.1.0.tgz#97afe7d6cdc0bc5928584b7c8d7b16e8a9aa5d19"
  integrity sha1-l6/n1s3AvFkoWEt8jXsW6KmqXRk=
  dependencies:
    locate-path "^5.0.0"
    path-exists "^4.0.0"

follow-redirects@1.5.10:
  version "1.5.10"
  resolved "https://registry.npmmirror.com/follow-redirects/download/follow-redirects-1.5.10.tgz?cache=0&sync_timestamp=1635857764332&other_urls=https%3A%2F%2Fregistry.npmmirror.com%2Ffollow-redirects%2Fdownload%2Ffollow-redirects-1.5.10.tgz#7b7a9f9aea2fdff36786a94ff643ed07f4ff5e2a"
  integrity sha1-e3qfmuov3/NnhqlP9kPtB/T/Xio=
  dependencies:
    debug "=3.1.0"

function-bind@^1.1.1:
  version "1.1.1"
  resolved "https://registry.npm.taobao.org/function-bind/download/function-bind-1.1.1.tgz#a56899d3ea3c9bab874bb9773b7c5ede92f4895d"
  integrity sha1-pWiZ0+o8m6uHS7l3O3xe3pL0iV0=

get-stdin@^7.0.0:
  version "7.0.0"
  resolved "https://registry.nlark.com/get-stdin/download/get-stdin-7.0.0.tgz#8d5de98f15171a125c5e516643c7a6d0ea8a96f6"
  integrity sha1-jV3pjxUXGhJcXlFmQ8em0OqKlvY=

get-stream@^4.0.0:
  version "4.1.0"
  resolved "https://registry.npm.taobao.org/get-stream/download/get-stream-4.1.0.tgz#c1b255575f3dc21d59bfc79cd3d2b46b1c3a54b5"
  integrity sha1-wbJVV189wh1Zv8ec09K0axw6VLU=
  dependencies:
    pump "^3.0.0"

get-stream@^5.0.0:
  version "5.2.0"
  resolved "https://registry.npm.taobao.org/get-stream/download/get-stream-5.2.0.tgz#4966a1795ee5ace65e706c4b7beb71257d6e22d3"
  integrity sha1-SWaheV7lrOZecGxLe+txJX1uItM=
  dependencies:
    pump "^3.0.0"

has-flag@^3.0.0:
  version "3.0.0"
  resolved "https://registry.nlark.com/has-flag/download/has-flag-3.0.0.tgz#b5d454dc2199ae225699f3467e5a07f3b955bafd"
  integrity sha1-tdRU3CGZriJWmfNGfloH87lVuv0=

has@^1.0.3:
  version "1.0.3"
  resolved "https://registry.nlark.com/has/download/has-1.0.3.tgz#722d7cbfc1f6aa8241f16dd814e011e1f41e8796"
  integrity sha1-ci18v8H2qoJB8W3YFOAR4fQeh5Y=
  dependencies:
    function-bind "^1.1.1"

hosted-git-info@^2.1.4:
  version "2.8.9"
  resolved "https://registry.nlark.com/hosted-git-info/download/hosted-git-info-2.8.9.tgz#dffc0bf9a21c02209090f2aa69429e1414daf3f9"
  integrity sha1-3/wL+aIcAiCQkPKqaUKeFBTa8/k=

husky@3.1.0:
  version "3.1.0"
  resolved "https://registry.npmmirror.com/husky/download/husky-3.1.0.tgz#5faad520ab860582ed94f0c1a77f0f04c90b57c0"
  integrity sha1-X6rVIKuGBYLtlPDBp38PBMkLV8A=
  dependencies:
    chalk "^2.4.2"
    ci-info "^2.0.0"
    cosmiconfig "^5.2.1"
    execa "^1.0.0"
    get-stdin "^7.0.0"
    opencollective-postinstall "^2.0.2"
    pkg-dir "^4.2.0"
    please-upgrade-node "^3.2.0"
    read-pkg "^5.2.0"
    run-node "^1.0.0"
    slash "^3.0.0"

ignore@^5.1.4:
  version "5.1.9"
  resolved "https://registry.npmmirror.com/ignore/download/ignore-5.1.9.tgz?cache=0&sync_timestamp=1635926632542&other_urls=https%3A%2F%2Fregistry.npmmirror.com%2Fignore%2Fdownload%2Fignore-5.1.9.tgz#9ec1a5cbe8e1446ec60d4420060d43aa6e7382fb"
  integrity sha1-nsGly+jhRG7GDUQgBg1Dqm5zgvs=

import-fresh@^2.0.0:
  version "2.0.0"
  resolved "https://registry.nlark.com/import-fresh/download/import-fresh-2.0.0.tgz#d81355c15612d386c61f9ddd3922d4304822a546"
  integrity sha1-2BNVwVYS04bGH53dOSLUMEgipUY=
  dependencies:
    caller-path "^2.0.0"
    resolve-from "^3.0.0"

is-arrayish@^0.2.1:
  version "0.2.1"
  resolved "https://registry.npm.taobao.org/is-arrayish/download/is-arrayish-0.2.1.tgz#77c99840527aa8ecb1a8ba697b80645a7a926a9d"
  integrity sha1-d8mYQFJ6qOyxqLppe4BkWnqSap0=

is-buffer@^2.0.2:
  version "2.0.5"
  resolved "https://registry.nlark.com/is-buffer/download/is-buffer-2.0.5.tgz#ebc252e400d22ff8d77fa09888821a24a658c191"
  integrity sha1-68JS5ADSL/jXf6CYiIIaJKZYwZE=

is-core-module@^2.2.0:
  version "2.8.0"
  resolved "https://registry.npmmirror.com/is-core-module/download/is-core-module-2.8.0.tgz?cache=0&other_urls=https%3A%2F%2Fregistry.npmmirror.com%2Fis-core-module%2Fdownload%2Fis-core-module-2.8.0.tgz#0321336c3d0925e497fd97f5d95cb114a5ccd548"
  integrity sha1-AyEzbD0JJeSX/Zf12VyxFKXM1Ug=
  dependencies:
    has "^1.0.3"

is-directory@^0.3.1:
  version "0.3.1"
  resolved "https://registry.npm.taobao.org/is-directory/download/is-directory-0.3.1.tgz#61339b6f2475fc772fd9c9d83f5c8575dc154ae1"
  integrity sha1-YTObbyR1/Hcv2cnYP1yFddwVSuE=

is-plain-object@^5.0.0:
  version "5.0.0"
  resolved "https://registry.nlark.com/is-plain-object/download/is-plain-object-5.0.0.tgz#4427f50ab3429e9025ea7d52e9043a9ef4159344"
  integrity sha1-RCf1CrNCnpAl6n1S6QQ6nvQVk0Q=

is-stream@^1.1.0:
  version "1.1.0"
  resolved "https://registry.nlark.com/is-stream/download/is-stream-1.1.0.tgz#12d4a3dd4e68e0b79ceb8dbc84173ae80d91ca44"
  integrity sha1-EtSj3U5o4Lec6428hBc66A2RykQ=

is-stream@^2.0.0:
  version "2.0.1"
  resolved "https://registry.nlark.com/is-stream/download/is-stream-2.0.1.tgz#fac1e3d53b97ad5a9d0ae9cef2389f5810a5c077"
  integrity sha1-+sHj1TuXrVqdCunO8jifWBClwHc=

isexe@^2.0.0:
  version "2.0.0"
  resolved "https://registry.npm.taobao.org/isexe/download/isexe-2.0.0.tgz#e8fbf374dc556ff8947a10dcb0572d633f2cfa10"
  integrity sha1-6PvzdNxVb/iUehDcsFctYz8s+hA=

js-tokens@^4.0.0:
  version "4.0.0"
  resolved "https://registry.nlark.com/js-tokens/download/js-tokens-4.0.0.tgz?cache=0&sync_timestamp=1619345098261&other_urls=https%3A%2F%2Fregistry.nlark.com%2Fjs-tokens%2Fdownload%2Fjs-tokens-4.0.0.tgz#19203fb59991df98e3a287050d4647cdeaf32499"
  integrity sha1-GSA/tZmR35jjoocFDUZHzerzJJk=

js-yaml@^3.13.1:
  version "3.14.1"
  resolved "https://registry.npm.taobao.org/js-yaml/download/js-yaml-3.14.1.tgz?cache=0&sync_timestamp=1618435004368&other_urls=https%3A%2F%2Fregistry.npm.taobao.org%2Fjs-yaml%2Fdownload%2Fjs-yaml-3.14.1.tgz#dae812fdb3825fa306609a8717383c50c36a0537"
  integrity sha1-2ugS/bOCX6MGYJqHFzg8UMNqBTc=
  dependencies:
    argparse "^1.0.7"
    esprima "^4.0.0"

json-parse-better-errors@^1.0.1:
  version "1.0.2"
  resolved "https://registry.nlark.com/json-parse-better-errors/download/json-parse-better-errors-1.0.2.tgz#bb867cfb3450e69107c131d1c514bab3dc8bcaa9"
  integrity sha1-u4Z8+zRQ5pEHwTHRxRS6s9yLyqk=

json-parse-even-better-errors@^2.3.0:
  version "2.3.1"
  resolved "https://registry.nlark.com/json-parse-even-better-errors/download/json-parse-even-better-errors-2.3.1.tgz#7c47805a94319928e05777405dc12e1f7a4ee02d"
  integrity sha1-fEeAWpQxmSjgV3dAXcEuH3pO4C0=

lines-and-columns@^1.1.6:
  version "1.2.4"
  resolved "https://registry.npmmirror.com/lines-and-columns/download/lines-and-columns-1.2.4.tgz#eca284f75d2965079309dc0ad9255abb2ebc1632"
  integrity sha512-7ylylesZQ/PV29jhEDl3Ufjo6ZX7gCqJr5F7PKrqc93v7fzSymt1BpwEU8nAUXs8qzzvqhbjhK5QZg6Mt/HkBg==

locate-path@^5.0.0:
  version "5.0.0"
  resolved "https://registry.nlark.com/locate-path/download/locate-path-5.0.0.tgz?cache=0&sync_timestamp=1629895724478&other_urls=https%3A%2F%2Fregistry.nlark.com%2Flocate-path%2Fdownload%2Flocate-path-5.0.0.tgz#1afba396afd676a6d42504d0a67a3a7eb9f62aa0"
  integrity sha1-Gvujlq/WdqbUJQTQpno6frn2KqA=
  dependencies:
    p-locate "^4.1.0"

lodash.get@^4.4.2:
  version "4.4.2"
  resolved "https://registry.nlark.com/lodash.get/download/lodash.get-4.4.2.tgz#2d177f652fa31e939b4438d5341499dfa3825e99"
  integrity sha1-LRd/ZS+jHpObRDjVNBSZ36OCXpk=

lodash.set@^4.3.2:
  version "4.3.2"
  resolved "https://registry.nlark.com/lodash.set/download/lodash.set-4.3.2.tgz#d8757b1da807dde24816b0d6a84bea1a76230b23"
  integrity sha1-2HV7HagH3eJIFrDWqEvqGnYjCyM=

lodash.uniq@^4.5.0:
  version "4.5.0"
  resolved "https://registry.nlark.com/lodash.uniq/download/lodash.uniq-4.5.0.tgz#d0225373aeb652adc1bc82e4945339a842754773"
  integrity sha1-0CJTc662Uq3BvILklFM5qEJ1R3M=

macos-release@^2.2.0:
  version "2.5.0"
  resolved "https://registry.nlark.com/macos-release/download/macos-release-2.5.0.tgz?cache=0&sync_timestamp=1630503258306&other_urls=https%3A%2F%2Fregistry.nlark.com%2Fmacos-release%2Fdownload%2Fmacos-release-2.5.0.tgz#067c2c88b5f3fb3c56a375b2ec93826220fa1ff2"
  integrity sha1-BnwsiLXz+zxWo3Wy7JOCYiD6H/I=

merge-stream@^2.0.0:
  version "2.0.0"
  resolved "https://registry.npm.taobao.org/merge-stream/download/merge-stream-2.0.0.tgz#52823629a14dd00c9770fb6ad47dc6310f2c1f60"
  integrity sha1-UoI2KaFN0AyXcPtq1H3GMQ8sH2A=

mimic-fn@^2.1.0:
  version "2.1.0"
  resolved "https://registry.npm.taobao.org/mimic-fn/download/mimic-fn-2.1.0.tgz#7ed2c2ccccaf84d3ffcb7a69b57711fc2083401b"
  integrity sha1-ftLCzMyvhNP/y3pptXcR/CCDQBs=

minimatch@^3.0.4:
  version "3.0.4"
  resolved "https://registry.nlark.com/minimatch/download/minimatch-3.0.4.tgz?cache=0&sync_timestamp=1618846754554&other_urls=https%3A%2F%2Fregistry.nlark.com%2Fminimatch%2Fdownload%2Fminimatch-3.0.4.tgz#5166e286457f03306064be5497e8dbb0c3d32083"
  integrity sha1-UWbihkV/AzBgZL5Ul+jbsMPTIIM=
  dependencies:
    brace-expansion "^1.1.7"

mri@^1.1.4:
  version "1.2.0"
  resolved "https://registry.nlark.com/mri/download/mri-1.2.0.tgz#6721480fec2a11a4889861115a48b6cbe7cc8f0b"
  integrity sha1-ZyFID+wqEaSImGERWki2y+fMjws=

ms@2.0.0:
  version "2.0.0"
  resolved "https://registry.npmmirror.com/ms/download/ms-2.0.0.tgz#5608aeadfc00be6c2901df5f9861788de0d597c8"
  integrity sha1-VgiurfwAvmwpAd9fmGF4jeDVl8g=

multimatch@^4.0.0:
  version "4.0.0"
  resolved "https://registry.npmmirror.com/multimatch/download/multimatch-4.0.0.tgz?cache=0&sync_timestamp=1634555800022&other_urls=https%3A%2F%2Fregistry.npmmirror.com%2Fmultimatch%2Fdownload%2Fmultimatch-4.0.0.tgz#8c3c0f6e3e8449ada0af3dd29efb491a375191b3"
  integrity sha1-jDwPbj6ESa2grz3SnvtJGjdRkbM=
  dependencies:
    "@types/minimatch" "^3.0.3"
    array-differ "^3.0.0"
    array-union "^2.1.0"
    arrify "^2.0.1"
    minimatch "^3.0.4"

nice-try@^1.0.4:
  version "1.0.5"
  resolved "https://registry.npm.taobao.org/nice-try/download/nice-try-1.0.5.tgz?cache=0&sync_timestamp=1614510016909&other_urls=https%3A%2F%2Fregistry.npm.taobao.org%2Fnice-try%2Fdownload%2Fnice-try-1.0.5.tgz#a3378a7696ce7d223e88fc9b764bd7ef1089e366"
  integrity sha1-ozeKdpbOfSI+iPybdkvX7xCJ42Y=

node-fetch@^2.6.1:
  version "2.6.6"
  resolved "https://registry.npmmirror.com/node-fetch/download/node-fetch-2.6.6.tgz?cache=0&sync_timestamp=1636395469986&other_urls=https%3A%2F%2Fregistry.npmmirror.com%2Fnode-fetch%2Fdownload%2Fnode-fetch-2.6.6.tgz#1751a7c01834e8e1697758732e9efb6eeadfaf89"
  integrity sha1-F1GnwBg06OFpd1hzLp77burfr4k=
  dependencies:
    whatwg-url "^5.0.0"

normalize-package-data@^2.5.0:
  version "2.5.0"
  resolved "https://registry.nlark.com/normalize-package-data/download/normalize-package-data-2.5.0.tgz?cache=0&sync_timestamp=1629301872905&other_urls=https%3A%2F%2Fregistry.nlark.com%2Fnormalize-package-data%2Fdownload%2Fnormalize-package-data-2.5.0.tgz#e66db1838b200c1dfc233225d12cb36520e234a8"
  integrity sha1-5m2xg4sgDB38IzIl0SyzZSDiNKg=
  dependencies:
    hosted-git-info "^2.1.4"
    resolve "^1.10.0"
    semver "2 || 3 || 4 || 5"
    validate-npm-package-license "^3.0.1"

npm-run-path@^2.0.0:
  version "2.0.2"
  resolved "https://registry.npmmirror.com/npm-run-path/download/npm-run-path-2.0.2.tgz#35a9232dfa35d7067b4cb2ddf2357b1871536c5f"
  integrity sha1-NakjLfo11wZ7TLLd8jV7GHFTbF8=
  dependencies:
    path-key "^2.0.0"

npm-run-path@^3.0.0:
  version "3.1.0"
  resolved "https://registry.npmmirror.com/npm-run-path/download/npm-run-path-3.1.0.tgz#7f91be317f6a466efed3c9f2980ad8a4ee8b0fa5"
  integrity sha1-f5G+MX9qRm7+08nymArYpO6LD6U=
  dependencies:
    path-key "^3.0.0"

octokit-pagination-methods@^1.1.0:
  version "1.1.0"
  resolved "https://registry.npm.taobao.org/octokit-pagination-methods/download/octokit-pagination-methods-1.1.0.tgz#cf472edc9d551055f9ef73f6e42b4dbb4c80bea4"
  integrity sha1-z0cu3J1VEFX573P25CtNu0yAvqQ=

once@^1.3.1, once@^1.4.0:
  version "1.4.0"
  resolved "https://registry.nlark.com/once/download/once-1.4.0.tgz#583b1aa775961d4b113ac17d9c50baef9dd76bd1"
  integrity sha1-WDsap3WWHUsROsF9nFC6753Xa9E=
  dependencies:
    wrappy "1"

onetime@^5.1.0:
  version "5.1.2"
  resolved "https://registry.npm.taobao.org/onetime/download/onetime-5.1.2.tgz#d0e96ebb56b07476df1dd9c4806e5237985ca45e"
  integrity sha1-0Oluu1awdHbfHdnEgG5SN5hcpF4=
  dependencies:
    mimic-fn "^2.1.0"

opencollective-postinstall@^2.0.2:
  version "2.0.3"
  resolved "https://registry.npmmirror.com/opencollective-postinstall/download/opencollective-postinstall-2.0.3.tgz?cache=0&sync_timestamp=1637575019200&other_urls=https%3A%2F%2Fregistry.npmmirror.com%2Fopencollective-postinstall%2Fdownload%2Fopencollective-postinstall-2.0.3.tgz#7a0fff978f6dbfa4d006238fbac98ed4198c3259"
  integrity sha1-eg//l49tv6TQBiOPusmO1BmMMlk=

os-name@^3.1.0:
  version "3.1.0"
  resolved "https://registry.npmmirror.com/os-name/download/os-name-3.1.0.tgz?cache=0&sync_timestamp=1636632147674&other_urls=https%3A%2F%2Fregistry.npmmirror.com%2Fos-name%2Fdownload%2Fos-name-3.1.0.tgz#dec19d966296e1cd62d701a5a66ee1ddeae70801"
  integrity sha1-3sGdlmKW4c1i1wGlpm7h3ernCAE=
  dependencies:
    macos-release "^2.2.0"
    windows-release "^3.1.0"

p-finally@^1.0.0:
  version "1.0.0"
  resolved "https://registry.npm.taobao.org/p-finally/download/p-finally-1.0.0.tgz#3fbcfb15b899a44123b34b6dcc18b724336a2cae"
  integrity sha1-P7z7FbiZpEEjs0ttzBi3JDNqLK4=

p-finally@^2.0.0:
  version "2.0.1"
  resolved "https://registry.npm.taobao.org/p-finally/download/p-finally-2.0.1.tgz#bd6fcaa9c559a096b680806f4d657b3f0f240561"
  integrity sha1-vW/KqcVZoJa2gIBvTWV7Pw8kBWE=

p-limit@^2.2.0:
  version "2.3.0"
  resolved "https://registry.nlark.com/p-limit/download/p-limit-2.3.0.tgz#3dd33c647a214fdfffd835933eb086da0dc21db1"
  integrity sha1-PdM8ZHohT9//2DWTPrCG2g3CHbE=
  dependencies:
    p-try "^2.0.0"

p-locate@^4.1.0:
  version "4.1.0"
  resolved "https://registry.nlark.com/p-locate/download/p-locate-4.1.0.tgz#a3428bb7088b3a60292f66919278b7c297ad4f07"
  integrity sha1-o0KLtwiLOmApL2aRkni3wpetTwc=
  dependencies:
    p-limit "^2.2.0"

p-try@^2.0.0:
  version "2.2.0"
  resolved "https://registry.npmmirror.com/p-try/download/p-try-2.2.0.tgz?cache=0&sync_timestamp=1633364462890&other_urls=https%3A%2F%2Fregistry.npmmirror.com%2Fp-try%2Fdownload%2Fp-try-2.2.0.tgz#cb2868540e313d61de58fafbe35ce9004d5540e6"
  integrity sha1-yyhoVA4xPWHeWPr741zpAE1VQOY=

parse-json@^4.0.0:
  version "4.0.0"
  resolved "https://registry.npmmirror.com/parse-json/download/parse-json-4.0.0.tgz#be35f5425be1f7f6c747184f98a788cb99477ee0"
  integrity sha1-vjX1Qlvh9/bHRxhPmKeIy5lHfuA=
  dependencies:
    error-ex "^1.3.1"
    json-parse-better-errors "^1.0.1"

parse-json@^5.0.0:
  version "5.2.0"
  resolved "https://registry.npmmirror.com/parse-json/download/parse-json-5.2.0.tgz#c76fc66dee54231c962b22bcc8a72cf2f99753cd"
  integrity sha1-x2/Gbe5UIxyWKyK8yKcs8vmXU80=
  dependencies:
    "@babel/code-frame" "^7.0.0"
    error-ex "^1.3.1"
    json-parse-even-better-errors "^2.3.0"
    lines-and-columns "^1.1.6"

path-exists@^4.0.0:
  version "4.0.0"
  resolved "https://registry.nlark.com/path-exists/download/path-exists-4.0.0.tgz#513bdbe2d3b95d7762e8c1137efa195c6c61b5b3"
  integrity sha1-UTvb4tO5XXdi6METfvoZXGxhtbM=

path-key@^2.0.0, path-key@^2.0.1:
  version "2.0.1"
  resolved "https://registry.npm.taobao.org/path-key/download/path-key-2.0.1.tgz?cache=0&sync_timestamp=1617971695678&other_urls=https%3A%2F%2Fregistry.npm.taobao.org%2Fpath-key%2Fdownload%2Fpath-key-2.0.1.tgz#411cadb574c5a140d3a4b1910d40d80cc9f40b40"
  integrity sha1-QRyttXTFoUDTpLGRDUDYDMn0C0A=

path-key@^3.0.0, path-key@^3.1.0:
  version "3.1.1"
  resolved "https://registry.npm.taobao.org/path-key/download/path-key-3.1.1.tgz?cache=0&sync_timestamp=1617971695678&other_urls=https%3A%2F%2Fregistry.npm.taobao.org%2Fpath-key%2Fdownload%2Fpath-key-3.1.1.tgz#581f6ade658cbba65a0d3380de7753295054f375"
  integrity sha1-WB9q3mWMu6ZaDTOA3ndTKVBU83U=

path-parse@^1.0.6:
  version "1.0.7"
  resolved "https://registry.nlark.com/path-parse/download/path-parse-1.0.7.tgz#fbc114b60ca42b30d9daf5858e4bd68bbedb6735"
  integrity sha1-+8EUtgykKzDZ2vWFjkvWi77bZzU=

pkg-dir@^4.2.0:
  version "4.2.0"
  resolved "https://registry.npmmirror.com/pkg-dir/download/pkg-dir-4.2.0.tgz?cache=0&sync_timestamp=1633498133295&other_urls=https%3A%2F%2Fregistry.npmmirror.com%2Fpkg-dir%2Fdownload%2Fpkg-dir-4.2.0.tgz#f099133df7ede422e81d1d8448270eeb3e4261f3"
  integrity sha1-8JkTPfft5CLoHR2ESCcO6z5CYfM=
  dependencies:
    find-up "^4.0.0"

please-upgrade-node@^3.2.0:
  version "3.2.0"
  resolved "https://registry.nlark.com/please-upgrade-node/download/please-upgrade-node-3.2.0.tgz#aeddd3f994c933e4ad98b99d9a556efa0e2fe942"
  integrity sha1-rt3T+ZTJM+StmLmdmlVu+g4v6UI=
  dependencies:
    semver-compare "^1.0.0"

prettier@1.19.1:
  version "1.19.1"
  resolved "https://registry.npmmirror.com/prettier/download/prettier-1.19.1.tgz#f7d7f5ff8a9cd872a7be4ca142095956a60797cb"
  integrity sha1-99f1/4qc2HKnvkyhQglZVqYHl8s=

pretty-quick@2.0.1:
  version "2.0.1"
  resolved "https://registry.npmmirror.com/pretty-quick/download/pretty-quick-2.0.1.tgz?cache=0&sync_timestamp=1637051762521&other_urls=https%3A%2F%2Fregistry.npmmirror.com%2Fpretty-quick%2Fdownload%2Fpretty-quick-2.0.1.tgz#417ee605ade98ecc686e72f63b5d28a2c35b43e9"
  integrity sha1-QX7mBa3pjsxobnL2O10oosNbQ+k=
  dependencies:
    chalk "^2.4.2"
    execa "^2.1.0"
    find-up "^4.1.0"
    ignore "^5.1.4"
    mri "^1.1.4"
    multimatch "^4.0.0"

pump@^3.0.0:
  version "3.0.0"
  resolved "https://registry.nlark.com/pump/download/pump-3.0.0.tgz#b4a2116815bde2f4e1ea602354e8c75565107a64"
  integrity sha1-tKIRaBW94vTh6mAjVOjHVWUQemQ=
  dependencies:
    end-of-stream "^1.1.0"
    once "^1.3.1"

read-pkg@^5.2.0:
  version "5.2.0"
  resolved "https://registry.nlark.com/read-pkg/download/read-pkg-5.2.0.tgz#7bf295438ca5a33e56cd30e053b34ee7250c93cc"
  integrity sha1-e/KVQ4yloz5WzTDgU7NO5yUMk8w=
  dependencies:
    "@types/normalize-package-data" "^2.4.0"
    normalize-package-data "^2.5.0"
    parse-json "^5.0.0"
    type-fest "^0.6.0"

resolve-from@^3.0.0:
  version "3.0.0"
  resolved "https://registry.nlark.com/resolve-from/download/resolve-from-3.0.0.tgz#b22c7af7d9d6881bc8b6e653335eebcb0a188748"
  integrity sha1-six699nWiBvItuZTM17rywoYh0g=

resolve@^1.10.0:
  version "1.20.0"
  resolved "https://registry.npm.taobao.org/resolve/download/resolve-1.20.0.tgz#629a013fb3f70755d6f0b7935cc1c2c5378b1975"
  integrity sha1-YpoBP7P3B1XW8LeTXMHCxTeLGXU=
  dependencies:
    is-core-module "^2.2.0"
    path-parse "^1.0.6"

run-node@^1.0.0:
  version "1.0.0"
  resolved "https://registry.npm.taobao.org/run-node/download/run-node-1.0.0.tgz#46b50b946a2aa2d4947ae1d886e9856fd9cabe5e"
  integrity sha1-RrULlGoqotSUeuHYhumFb9nKvl4=

semver-compare@^1.0.0:
  version "1.0.0"
  resolved "https://registry.nlark.com/semver-compare/download/semver-compare-1.0.0.tgz#0dee216a1c941ab37e9efb1788f6afc5ff5537fc"
  integrity sha1-De4hahyUGrN+nvsXiPavxf9VN/w=

"semver@2 || 3 || 4 || 5", semver@^5.5.0:
  version "5.7.1"
  resolved "https://registry.nlark.com/semver/download/semver-5.7.1.tgz?cache=0&sync_timestamp=1622604551741&other_urls=https%3A%2F%2Fregistry.nlark.com%2Fsemver%2Fdownload%2Fsemver-5.7.1.tgz#a954f931aeba508d307bbf069eff0c01c96116f7"
  integrity sha1-qVT5Ma66UI0we78Gnv8MAclhFvc=

shebang-command@^1.2.0:
  version "1.2.0"
  resolved "https://registry.nlark.com/shebang-command/download/shebang-command-1.2.0.tgz#44aac65b695b03398968c39f363fee5deafdf1ea"
  integrity sha1-RKrGW2lbAzmJaMOfNj/uXer98eo=
  dependencies:
    shebang-regex "^1.0.0"

shebang-command@^2.0.0:
  version "2.0.0"
  resolved "https://registry.nlark.com/shebang-command/download/shebang-command-2.0.0.tgz#ccd0af4f8835fbdc265b82461aaf0c36663f34ea"
  integrity sha1-zNCvT4g1+9wmW4JGGq8MNmY/NOo=
  dependencies:
    shebang-regex "^3.0.0"

shebang-regex@^1.0.0:
  version "1.0.0"
  resolved "https://registry.nlark.com/shebang-regex/download/shebang-regex-1.0.0.tgz?cache=0&sync_timestamp=1628896299850&other_urls=https%3A%2F%2Fregistry.nlark.com%2Fshebang-regex%2Fdownload%2Fshebang-regex-1.0.0.tgz#da42f49740c0b42db2ca9728571cb190c98efea3"
  integrity sha1-2kL0l0DAtC2yypcoVxyxkMmO/qM=

shebang-regex@^3.0.0:
  version "3.0.0"
  resolved "https://registry.nlark.com/shebang-regex/download/shebang-regex-3.0.0.tgz?cache=0&sync_timestamp=1628896299850&other_urls=https%3A%2F%2Fregistry.nlark.com%2Fshebang-regex%2Fdownload%2Fshebang-regex-3.0.0.tgz#ae16f1644d873ecad843b0307b143362d4c42172"
  integrity sha1-rhbxZE2HPsrYQ7AwexQzYtTEIXI=

signal-exit@^3.0.0, signal-exit@^3.0.2:
  version "3.0.6"
  resolved "https://registry.npmmirror.com/signal-exit/download/signal-exit-3.0.6.tgz?cache=0&sync_timestamp=1637255763586&other_urls=https%3A%2F%2Fregistry.npmmirror.com%2Fsignal-exit%2Fdownload%2Fsignal-exit-3.0.6.tgz#24e630c4b0f03fea446a2bd299e62b4a6ca8d0af"
  integrity sha512-sDl4qMFpijcGw22U5w63KmD3cZJfBuFlVNbVMKje2keoKML7X2UzWbc4XrmEbDwg0NXJc3yv4/ox7b+JWb57kQ==

slash@^3.0.0:
  version "3.0.0"
  resolved "https://registry.nlark.com/slash/download/slash-3.0.0.tgz#6539be870c165adbd5240220dbe361f1bc4d4634"
  integrity sha1-ZTm+hwwWWtvVJAIg2+Nh8bxNRjQ=

spdx-correct@^3.0.0:
  version "3.1.1"
  resolved "https://registry.npm.taobao.org/spdx-correct/download/spdx-correct-3.1.1.tgz#dece81ac9c1e6713e5f7d1b6f17d468fa53d89a9"
  integrity sha1-3s6BrJweZxPl99G28X1Gj6U9iak=
  dependencies:
    spdx-expression-parse "^3.0.0"
    spdx-license-ids "^3.0.0"

spdx-exceptions@^2.1.0:
  version "2.3.0"
  resolved "https://registry.npm.taobao.org/spdx-exceptions/download/spdx-exceptions-2.3.0.tgz#3f28ce1a77a00372683eade4a433183527a2163d"
  integrity sha1-PyjOGnegA3JoPq3kpDMYNSeiFj0=

spdx-expression-parse@^3.0.0:
  version "3.0.1"
  resolved "https://registry.npm.taobao.org/spdx-expression-parse/download/spdx-expression-parse-3.0.1.tgz#cf70f50482eefdc98e3ce0a6833e4a53ceeba679"
  integrity sha1-z3D1BILu/cmOPOCmgz5KU87rpnk=
  dependencies:
    spdx-exceptions "^2.1.0"
    spdx-license-ids "^3.0.0"

spdx-license-ids@^3.0.0:
  version "3.0.11"
  resolved "https://registry.npmmirror.com/spdx-license-ids/download/spdx-license-ids-3.0.11.tgz?cache=0&sync_timestamp=1636978474315&other_urls=https%3A%2F%2Fregistry.npmmirror.com%2Fspdx-license-ids%2Fdownload%2Fspdx-license-ids-3.0.11.tgz#50c0d8c40a14ec1bf449bae69a0ea4685a9d9f95"
  integrity sha512-Ctl2BrFiM0X3MANYgj3CkygxhRmr9mi6xhejbdO960nF6EDJApTYpn0BQnDKlnNBULKiCN1n3w9EBkHK8ZWg+g==

sprintf-js@~1.0.2:
  version "1.0.3"
  resolved "https://registry.nlark.com/sprintf-js/download/sprintf-js-1.0.3.tgz?cache=0&sync_timestamp=1618847174560&other_urls=https%3A%2F%2Fregistry.nlark.com%2Fsprintf-js%2Fdownload%2Fsprintf-js-1.0.3.tgz#04e6926f662895354f3dd015203633b857297e2c"
  integrity sha1-BOaSb2YolTVPPdAVIDYzuFcpfiw=

strip-eof@^1.0.0:
  version "1.0.0"
  resolved "https://registry.npmmirror.com/strip-eof/download/strip-eof-1.0.0.tgz#bb43ff5598a6eb05d89b59fcd129c983313606bf"
  integrity sha1-u0P/VZim6wXYm1n80SnJgzE2Br8=

strip-final-newline@^2.0.0:
  version "2.0.0"
  resolved "https://registry.nlark.com/strip-final-newline/download/strip-final-newline-2.0.0.tgz#89b852fb2fcbe936f6f4b3187afb0a12c1ab58ad"
  integrity sha1-ibhS+y/L6Tb29LMYevsKEsGrWK0=

supports-color@^5.3.0:
  version "5.5.0"
  resolved "https://registry.npmmirror.com/supports-color/download/supports-color-5.5.0.tgz#e2e69a44ac8772f78a1ec0b35b689df6530efc8f"
  integrity sha1-4uaaRKyHcveKHsCzW2id9lMO/I8=
  dependencies:
    has-flag "^3.0.0"

tr46@~0.0.3:
  version "0.0.3"
  resolved "https://registry.npmmirror.com/tr46/download/tr46-0.0.3.tgz?cache=0&other_urls=https%3A%2F%2Fregistry.npmmirror.com%2Ftr46%2Fdownload%2Ftr46-0.0.3.tgz#8184fd347dac9cdc185992f3a6622e14b9d9ab6a"
  integrity sha1-gYT9NH2snNwYWZLzpmIuFLnZq2o=

type-fest@^0.6.0:
  version "0.6.0"
  resolved "https://registry.npmmirror.com/type-fest/download/type-fest-0.6.0.tgz#8d2a2370d3df886eb5c90ada1c5bf6188acf838b"
  integrity sha1-jSojcNPfiG61yQraHFv2GIrPg4s=

universal-user-agent@^4.0.0:
  version "4.0.1"
  resolved "https://registry.npmmirror.com/universal-user-agent/download/universal-user-agent-4.0.1.tgz?cache=0&sync_timestamp=1632414657936&other_urls=https%3A%2F%2Fregistry.npmmirror.com%2Funiversal-user-agent%2Fdownload%2Funiversal-user-agent-4.0.1.tgz#fd8d6cb773a679a709e967ef8288a31fcc03e557"
  integrity sha1-/Y1st3OmeacJ6WfvgoijH8wD5Vc=
  dependencies:
    os-name "^3.1.0"

universal-user-agent@^6.0.0:
  version "6.0.0"
  resolved "https://registry.npmmirror.com/universal-user-agent/download/universal-user-agent-6.0.0.tgz?cache=0&sync_timestamp=1632414657936&other_urls=https%3A%2F%2Fregistry.npmmirror.com%2Funiversal-user-agent%2Fdownload%2Funiversal-user-agent-6.0.0.tgz#3381f8503b251c0d9cd21bc1de939ec9df5480ee"
  integrity sha1-M4H4UDslHA2c0hvB3pOeyd9UgO4=

validate-npm-package-license@^3.0.1:
  version "3.0.4"
  resolved "https://registry.nlark.com/validate-npm-package-license/download/validate-npm-package-license-3.0.4.tgz#fc91f6b9c7ba15c857f4cb2c5defeec39d4f410a"
  integrity sha1-/JH2uce6FchX9MssXe/uw51PQQo=
  dependencies:
    spdx-correct "^3.0.0"
    spdx-expression-parse "^3.0.0"

wakatime-client@2.0.3:
  version "2.0.3"
  resolved "https://registry.npmmirror.com/wakatime-client/download/wakatime-client-2.0.3.tgz#653f62032cb1a9c330b4140dddd6bd34f1aba7c1"
  integrity sha1-ZT9iAyyxqcMwtBQN3da9NPGrp8E=

webidl-conversions@^3.0.0:
  version "3.0.1"
  resolved "https://registry.nlark.com/webidl-conversions/download/webidl-conversions-3.0.1.tgz#24534275e2a7bc6be7bc86611cc16ae0a5654871"
  integrity sha1-JFNCdeKnvGvnvIZhHMFq4KVlSHE=

whatwg-url@^5.0.0:
  version "5.0.0"
  resolved "https://registry.npmmirror.com/whatwg-url/download/whatwg-url-5.0.0.tgz?cache=0&sync_timestamp=1634673646149&other_urls=https%3A%2F%2Fregistry.npmmirror.com%2Fwhatwg-url%2Fdownload%2Fwhatwg-url-5.0.0.tgz#966454e8765462e37644d3626f6742ce8b70965d"
  integrity sha1-lmRU6HZUYuN2RNNib2dCzotwll0=
  dependencies:
    tr46 "~0.0.3"
    webidl-conversions "^3.0.0"

which@^1.2.9:
  version "1.3.1"
  resolved "https://registry.nlark.com/which/download/which-1.3.1.tgz#a45043d54f5805316da8d62f9f50918d3da70b0a"
  integrity sha1-pFBD1U9YBTFtqNYvn1CRjT2nCwo=
  dependencies:
    isexe "^2.0.0"

which@^2.0.1:
  version "2.0.2"
  resolved "https://registry.nlark.com/which/download/which-2.0.2.tgz#7c6a8dd0a636a0327e10b59c9286eee93f3f51b1"
  integrity sha1-fGqN0KY2oDJ+ELWckobu6T8/UbE=
  dependencies:
    isexe "^2.0.0"

windows-release@^3.1.0:
  version "3.3.3"
  resolved "https://registry.npmmirror.com/windows-release/download/windows-release-3.3.3.tgz?cache=0&sync_timestamp=1636631225440&other_urls=https%3A%2F%2Fregistry.npmmirror.com%2Fwindows-release%2Fdownload%2Fwindows-release-3.3.3.tgz#1c10027c7225743eec6b89df160d64c2e0293999"
  integrity sha1-HBACfHIldD7sa4nfFg1kwuApOZk=
  dependencies:
    execa "^1.0.0"

wrappy@1:
  version "1.0.2"
  resolved "https://registry.nlark.com/wrappy/download/wrappy-1.0.2.tgz?cache=0&sync_timestamp=1619133505879&other_urls=https%3A%2F%2Fregistry.nlark.com%2Fwrappy%2Fdownload%2Fwrappy-1.0.2.tgz#b5243d8f3ec1aa35f1364605bc0d1036e30ab69f"
  integrity sha1-tSQ9jz7BqjXxNkYFvA0QNuMKtp8=
